
Microsoft Visual Studio Solution File, Format Version 12.00
# Visual Studio Version 16
VisualStudioVersion = 16.0.30114.105
MinimumVisualStudioVersion = 10.0.40219.1
Project("{FAE04EC0-301F-11D3-BF4B-00C04F79EFBC}") = "ToDoApp", "src\ToDoApp.csproj", "{E636C632-73FB-4FB8-9ABD-AA25E78C2C24}"
EndProject
Project("{2150E333-8FDC-42A3-9474-1A3956D46DE8}") = "test", "test", "{3742B9EB-6353-4640-89F1-DD29EAD9B26B}"
EndProject
Project("{FAE04EC0-301F-11D3-BF4B-00C04F79EFBC}") = "ToDoApp.Integration", "test\ToDoApp.Integration\ToDoApp.Integration.csproj", "{FE493C90-1FDA-4F14-9712-A5D006520B78}"
EndProject
Project("{FAE04EC0-301F-11D3-BF4B-00C04F79EFBC}") = "ToDoApp.Common", "test\ToDoApp.Common\ToDoApp.Common.csproj", "{12B834F3-CDDC-4894-AE97-BFA2EC78739F}"
EndProject
Global
	GlobalSection(SolutionConfigurationPlatforms) = preSolution
		Debug|Any CPU = Debug|Any CPU
		Debug|x64 = Debug|x64
		Debug|x86 = Debug|x86
		Release|Any CPU = Release|Any CPU
		Release|x64 = Release|x64
		Release|x86 = Release|x86
	EndGlobalSection
	GlobalSection(SolutionProperties) = preSolution
		HideSolutionNode = FALSE
	EndGlobalSection
	GlobalSection(ProjectConfigurationPlatforms) = postSolution
		{E636C632-73FB-4FB8-9ABD-AA25E78C2C24}.Debug|Any CPU.ActiveCfg = Debug|Any CPU
		{E636C632-73FB-4FB8-9ABD-AA25E78C2C24}.Debug|Any CPU.Build.0 = Debug|Any CPU
		{E636C632-73FB-4FB8-9ABD-AA25E78C2C24}.Debug|x64.ActiveCfg = Debug|Any CPU
		{E636C632-73FB-4FB8-9ABD-AA25E78C2C24}.Debug|x64.Build.0 = Debug|Any CPU
		{E636C632-73FB-4FB8-9ABD-AA25E78C2C24}.Debug|x86.ActiveCfg = Debug|Any CPU
		{E636C632-73FB-4FB8-9ABD-AA25E78C2C24}.Debug|x86.Build.0 = Debug|Any CPU
		{E636C632-73FB-4FB8-9ABD-AA25E78C2C24}.Release|Any CPU.ActiveCfg = Release|Any CPU
		{E636C632-73FB-4FB8-9ABD-AA25E78C2C24}.Release|Any CPU.Build.0 = Release|Any CPU
		{E636C632-73FB-4FB8-9ABD-AA25E78C2C24}.Release|x64.ActiveCfg = Release|Any CPU
		{E636C632-73FB-4FB8-9ABD-AA25E78C2C24}.Release|x64.Build.0 = Release|Any CPU
		{E636C632-73FB-4FB8-9ABD-AA25E78C2C24}.Release|x86.ActiveCfg = Release|Any CPU
		{E636C632-73FB-4FB8-9ABD-AA25E78C2C24}.Release|x86.Build.0 = Release|Any CPU
		{FE493C90-1FDA-4F14-9712-A5D006520B78}.Debug|Any CPU.ActiveCfg = Debug|Any CPU
		{FE493C90-1FDA-4F14-9712-A5D006520B78}.Debug|Any CPU.Build.0 = Debug|Any CPU
		{FE493C90-1FDA-4F14-9712-A5D006520B78}.Debug|x64.ActiveCfg = Debug|Any CPU
		{FE493C90-1FDA-4F14-9712-A5D006520B78}.Debug|x64.Build.0 = Debug|Any CPU
		{FE493C90-1FDA-4F14-9712-A5D006520B78}.Debug|x86.ActiveCfg = Debug|Any CPU
		{FE493C90-1FDA-4F14-9712-A5D006520B78}.Debug|x86.Build.0 = Debug|Any CPU
		{FE493C90-1FDA-4F14-9712-A5D006520B78}.Release|Any CPU.ActiveCfg = Release|Any CPU
		{FE493C90-1FDA-4F14-9712-A5D006520B78}.Release|Any CPU.Build.0 = Release|Any CPU
		{FE493C90-1FDA-4F14-9712-A5D006520B78}.Release|x64.ActiveCfg = Release|Any CPU
		{FE493C90-1FDA-4F14-9712-A5D006520B78}.Release|x64.Build.0 = Release|Any CPU
		{FE493C90-1FDA-4F14-9712-A5D006520B78}.Release|x86.ActiveCfg = Release|Any CPU
		{FE493C90-1FDA-4F14-9712-A5D006520B78}.Release|x86.Build.0 = Release|Any CPU
		{12B834F3-CDDC-4894-AE97-BFA2EC78739F}.Debug|Any CPU.ActiveCfg = Debug|Any CPU
		{12B834F3-CDDC-4894-AE97-BFA2EC78739F}.Debug|Any CPU.Build.0 = Debug|Any CPU
		{12B834F3-CDDC-4894-AE97-BFA2EC78739F}.Debug|x64.ActiveCfg = Debug|Any CPU
		{12B834F3-CDDC-4894-AE97-BFA2EC78739F}.Debug|x64.Build.0 = Debug|Any CPU
		{12B834F3-CDDC-4894-AE97-BFA2EC78739F}.Debug|x86.ActiveCfg = Debug|Any CPU
		{12B834F3-CDDC-4894-AE97-BFA2EC78739F}.Debug|x86.Build.0 = Debug|Any CPU
		{12B834F3-CDDC-4894-AE97-BFA2EC78739F}.Release|Any CPU.ActiveCfg = Release|Any CPU
		{12B834F3-CDDC-4894-AE97-BFA2EC78739F}.Release|Any CPU.Build.0 = Release|Any CPU
		{12B834F3-CDDC-4894-AE97-BFA2EC78739F}.Release|x64.ActiveCfg = Release|Any CPU
		{12B834F3-CDDC-4894-AE97-BFA2EC78739F}.Release|x64.Build.0 = Release|Any CPU
		{12B834F3-CDDC-4894-AE97-BFA2EC78739F}.Release|x86.ActiveCfg = Release|Any CPU
		{12B834F3-CDDC-4894-AE97-BFA2EC78739F}.Release|x86.Build.0 = Release|Any CPU
	EndGlobalSection
	GlobalSection(NestedProjects) = preSolution
		{FE493C90-1FDA-4F14-9712-A5D006520B78} = {3742B9EB-6353-4640-89F1-DD29EAD9B26B}
		{12B834F3-CDDC-4894-AE97-BFA2EC78739F} = {3742B9EB-6353-4640-89F1-DD29EAD9B26B}
	EndGlobalSection
EndGlobal
